
Microsoft Visual Studio Solution File, Format Version 12.00
# Visual Studio 15
VisualStudioVersion = 15.0.28307.438
MinimumVisualStudioVersion = 10.0.40219.1
Project("{8BC9CEB8-8B4A-11D0-8D11-00A0C91BC942}") = "mp4_to_wmv", "lessonCode\mp4_to_wmv\mp4_to_wmv.vcxproj", "{8134AE65-39DE-4FA8-99AA-0D42E45C1071}"
EndProject
Project("{8BC9CEB8-8B4A-11D0-8D11-00A0C91BC942}") = "rgb_to_mp4", "lessonCode\rgb_to_mp4\rgb_to_mp4.vcxproj", "{00D3FB6F-94B9-4168-B1A3-CC47C1B4254D}"
EndProject
Project("{8BC9CEB8-8B4A-11D0-8D11-00A0C91BC942}") = "pcm_to_aac", "lessonCode\pcm_to_aac\pcm_to_aac.vcxproj", "{C6987981-B208-49E6-B28E-45A15E2639B5}"
EndProject
Project("{8BC9CEB8-8B4A-11D0-8D11-00A0C91BC942}") = "rgb_pcm_to_mp4", "lessonCode\rgb_pcm_to_mp4\rgb_pcm_to_mp4.vcxproj", "{71484DE1-7459-46BD-A850-33FD1B5B7AAE}"
EndProject
Project("{8BC9CEB8-8B4A-11D0-8D11-00A0C91BC942}") = "test_directx", "lessonCode\test_directx\test_directx.vcxproj", "{5DEE1D79-A23C-4FAF-876E-CD27815E54B8}"
EndProject
Project("{8BC9CEB8-8B4A-11D0-8D11-00A0C91BC942}") = "QtScreen", "lessonCode\QtScreen\QtScreen.vcxproj", "{B12702AD-ABFB-343A-A199-8E24837244A3}"
EndProject
Project("{8BC9CEB8-8B4A-11D0-8D11-00A0C91BC942}") = "Qt_audio_input", "lessonCode\Qt_audio_input\Qt_audio_input.vcxproj", "{283523A0-3FF1-4239-95EA-0353F889F0F3}"
EndProject
Project("{8BC9CEB8-8B4A-11D0-8D11-00A0C91BC942}") = "ScreenRecord", "src\ScreenRecord\ScreenRecord.vcxproj", "{08784BEE-FBBA-4B93-A256-7B3663F81558}"
EndProject
Global
	GlobalSection(SolutionConfigurationPlatforms) = preSolution
		Debug|x64 = Debug|x64
		Debug|x86 = Debug|x86
		Release|x64 = Release|x64
		Release|x86 = Release|x86
	EndGlobalSection
	GlobalSection(ProjectConfigurationPlatforms) = postSolution
		{8134AE65-39DE-4FA8-99AA-0D42E45C1071}.Debug|x64.ActiveCfg = Debug|x64
		{8134AE65-39DE-4FA8-99AA-0D42E45C1071}.Debug|x64.Build.0 = Debug|x64
		{8134AE65-39DE-4FA8-99AA-0D42E45C1071}.Debug|x86.ActiveCfg = Debug|Win32
		{8134AE65-39DE-4FA8-99AA-0D42E45C1071}.Debug|x86.Build.0 = Debug|Win32
		{8134AE65-39DE-4FA8-99AA-0D42E45C1071}.Release|x64.ActiveCfg = Release|x64
		{8134AE65-39DE-4FA8-99AA-0D42E45C1071}.Release|x64.Build.0 = Release|x64
		{8134AE65-39DE-4FA8-99AA-0D42E45C1071}.Release|x86.ActiveCfg = Release|Win32
		{8134AE65-39DE-4FA8-99AA-0D42E45C1071}.Release|x86.Build.0 = Release|Win32
		{00D3FB6F-94B9-4168-B1A3-CC47C1B4254D}.Debug|x64.ActiveCfg = Debug|x64
		{00D3FB6F-94B9-4168-B1A3-CC47C1B4254D}.Debug|x64.Build.0 = Debug|x64
		{00D3FB6F-94B9-4168-B1A3-CC47C1B4254D}.Debug|x86.ActiveCfg = Debug|Win32
		{00D3FB6F-94B9-4168-B1A3-CC47C1B4254D}.Debug|x86.Build.0 = Debug|Win32
		{00D3FB6F-94B9-4168-B1A3-CC47C1B4254D}.Release|x64.ActiveCfg = Release|x64
		{00D3FB6F-94B9-4168-B1A3-CC47C1B4254D}.Release|x64.Build.0 = Release|x64
		{00D3FB6F-94B9-4168-B1A3-CC47C1B4254D}.Release|x86.ActiveCfg = Release|Win32
		{00D3FB6F-94B9-4168-B1A3-CC47C1B4254D}.Release|x86.Build.0 = Release|Win32
		{C6987981-B208-49E6-B28E-45A15E2639B5}.Debug|x64.ActiveCfg = Debug|x64
		{C6987981-B208-49E6-B28E-45A15E2639B5}.Debug|x64.Build.0 = Debug|x64
		{C6987981-B208-49E6-B28E-45A15E2639B5}.Debug|x86.ActiveCfg = Debug|Win32
		{C6987981-B208-49E6-B28E-45A15E2639B5}.Debug|x86.Build.0 = Debug|Win32
		{C6987981-B208-49E6-B28E-45A15E2639B5}.Release|x64.ActiveCfg = Release|x64
		{C6987981-B208-49E6-B28E-45A15E2639B5}.Release|x64.Build.0 = Release|x64
		{C6987981-B208-49E6-B28E-45A15E2639B5}.Release|x86.ActiveCfg = Release|Win32
		{C6987981-B208-49E6-B28E-45A15E2639B5}.Release|x86.Build.0 = Release|Win32
		{71484DE1-7459-46BD-A850-33FD1B5B7AAE}.Debug|x64.ActiveCfg = Debug|x64
		{71484DE1-7459-46BD-A850-33FD1B5B7AAE}.Debug|x64.Build.0 = Debug|x64
		{71484DE1-7459-46BD-A850-33FD1B5B7AAE}.Debug|x86.ActiveCfg = Debug|Win32
		{71484DE1-7459-46BD-A850-33FD1B5B7AAE}.Debug|x86.Build.0 = Debug|Win32
		{71484DE1-7459-46BD-A850-33FD1B5B7AAE}.Release|x64.ActiveCfg = Release|x64
		{71484DE1-7459-46BD-A850-33FD1B5B7AAE}.Release|x64.Build.0 = Release|x64
		{71484DE1-7459-46BD-A850-33FD1B5B7AAE}.Release|x86.ActiveCfg = Release|Win32
		{71484DE1-7459-46BD-A850-33FD1B5B7AAE}.Release|x86.Build.0 = Release|Win32
		{5DEE1D79-A23C-4FAF-876E-CD27815E54B8}.Debug|x64.ActiveCfg = Debug|x64
		{5DEE1D79-A23C-4FAF-876E-CD27815E54B8}.Debug|x64.Build.0 = Debug|x64
		{5DEE1D79-A23C-4FAF-876E-CD27815E54B8}.Debug|x86.ActiveCfg = Debug|Win32
		{5DEE1D79-A23C-4FAF-876E-CD27815E54B8}.Debug|x86.Build.0 = Debug|Win32
		{5DEE1D79-A23C-4FAF-876E-CD27815E54B8}.Release|x64.ActiveCfg = Release|x64
		{5DEE1D79-A23C-4FAF-876E-CD27815E54B8}.Release|x64.Build.0 = Release|x64
		{5DEE1D79-A23C-4FAF-876E-CD27815E54B8}.Release|x86.ActiveCfg = Release|Win32
		{5DEE1D79-A23C-4FAF-876E-CD27815E54B8}.Release|x86.Build.0 = Release|Win32
		{B12702AD-ABFB-343A-A199-8E24837244A3}.Debug|x64.ActiveCfg = Debug|Win32
		{B12702AD-ABFB-343A-A199-8E24837244A3}.Debug|x86.ActiveCfg = Debug|Win32
		{B12702AD-ABFB-343A-A199-8E24837244A3}.Debug|x86.Build.0 = Debug|Win32
		{B12702AD-ABFB-343A-A199-8E24837244A3}.Release|x64.ActiveCfg = Release|Win32
		{B12702AD-ABFB-343A-A199-8E24837244A3}.Release|x86.ActiveCfg = Release|Win32
		{B12702AD-ABFB-343A-A199-8E24837244A3}.Release|x86.Build.0 = Release|Win32
		{283523A0-3FF1-4239-95EA-0353F889F0F3}.Debug|x64.ActiveCfg = Debug|Win32
		{283523A0-3FF1-4239-95EA-0353F889F0F3}.Debug|x86.ActiveCfg = Debug|Win32
		{283523A0-3FF1-4239-95EA-0353F889F0F3}.Debug|x86.Build.0 = Debug|Win32
		{283523A0-3FF1-4239-95EA-0353F889F0F3}.Release|x64.ActiveCfg = Release|Win32
		{283523A0-3FF1-4239-95EA-0353F889F0F3}.Release|x86.ActiveCfg = Release|Win32
		{283523A0-3FF1-4239-95EA-0353F889F0F3}.Release|x86.Build.0 = Release|Win32
		{08784BEE-FBBA-4B93-A256-7B3663F81558}.Debug|x64.ActiveCfg = Debug|Win32
		{08784BEE-FBBA-4B93-A256-7B3663F81558}.Debug|x86.ActiveCfg = Debug|Win32
		{08784BEE-FBBA-4B93-A256-7B3663F81558}.Debug|x86.Build.0 = Debug|Win32
		{08784BEE-FBBA-4B93-A256-7B3663F81558}.Release|x64.ActiveCfg = Release|Win32
		{08784BEE-FBBA-4B93-A256-7B3663F81558}.Release|x86.ActiveCfg = Release|Win32
		{08784BEE-FBBA-4B93-A256-7B3663F81558}.Release|x86.Build.0 = Release|Win32
	EndGlobalSection
	GlobalSection(SolutionProperties) = preSolution
		HideSolutionNode = FALSE
	EndGlobalSection
	GlobalSection(ExtensibilityGlobals) = postSolution
		SolutionGuid = {E0A2183C-963E-4E54-9229-AFCBF017DD14}
	EndGlobalSection
EndGlobal
